# THIS IS AN AUTOGENERATED FILE. DO NOT EDIT THIS FILE DIRECTLY.
# yarn lockfile v1


"@ledgerhq/devices@^4.55.0":
  version "4.55.0"
  resolved "https://registry.yarnpkg.com/@ledgerhq/devices/-/devices-4.55.0.tgz#c1fb7e33d38f2352f4991ea9fa4987e90238ee21"
  integrity sha512-N8Wd429toqZvhW/xa2szjmVDP0c8X/VUaUnldNXNDgZutVwCMyMKLiuIBK34urkEBaHR0bpbqw6/SlcwGpDaJg==
  dependencies:
    "@ledgerhq/errors" "^4.55.0"

"@ledgerhq/errors@^4.55.0":
  version "4.55.0"
  resolved "https://registry.yarnpkg.com/@ledgerhq/errors/-/errors-4.55.0.tgz#5fbef730abbcf3fd8a37838f37a08eada11720fd"
  integrity sha512-XzygAQYafn7Bqj52WT2cCtNdS7CfcEd8f2e5KOxll0eYgT9ZgAHpdQUZvRAxmgeP+007zO4lseJ2bSdWbxb/rw==

"@ledgerhq/hw-app-eth@^4.55.0":
  version "4.55.0"
  resolved "https://registry.yarnpkg.com/@ledgerhq/hw-app-eth/-/hw-app-eth-4.55.0.tgz#fbaf866dac12a58b0801995b1700f0ac02ca6c44"
  integrity sha512-MRWHgQVClC/J8LPtWOCPsAdqYKNc/nykm6LpyERwzcM3LH2NWQbkF30pLzjgkgmhdYb03TrpuN1rxOfYCwicTw==
  dependencies:
    "@ledgerhq/errors" "^4.55.0"
    "@ledgerhq/hw-transport" "^4.55.0"

"@ledgerhq/hw-transport@^4.55.0":
  version "4.55.0"
  resolved "https://registry.yarnpkg.com/@ledgerhq/hw-transport/-/hw-transport-4.55.0.tgz#76249204d9571245ff3efb354a618f94b2634f33"
  integrity sha512-X01EmZaLfDVHOUe5X2RDjqg/d6zuRPWZvwKV0rMp9GQXJNucmL6kbTV+5vjXMWTqRSL5Zul4lK8y63Nh7o9WBQ==
  dependencies:
    "@ledgerhq/devices" "^4.55.0"
    "@ledgerhq/errors" "^4.55.0"
    events "^3.0.0"

events@^3.0.0:
  version "3.0.0"
  resolved "https://registry.yarnpkg.com/events/-/events-3.0.0.tgz#9a0a0dfaf62893d92b875b8f2698ca4114973e88"
  integrity sha512-Dc381HFWJzEOhQ+d8pkNon++bk9h6cdAoAj4iE6Q4y6xgTzySWXlKn05/TVNpjnfRqi/X0EpJEJohPjNI3zpVA==
